
Microsoft Visual Studio Solution File, Format Version 12.00
# Visual Studio Version 16
VisualStudioVersion = 16.0.31515.178
MinimumVisualStudioVersion = 10.0.40219.1
Project("{8BC9CEB8-8B4A-11D0-8D11-00A0C91BC942}") = "HotaSim", "HotaSim\HotaSim.vcxproj", "{FA1C32D7-2256-409D-A3E5-3FF4BC6EF163}"
EndProject
Project("{8BC9CEB8-8B4A-11D0-8D11-00A0C91BC942}") = "HotaAI", "HotaAI\HotaAI.vcxproj", "{76F93DC2-6B28-4D9E-AB00-3BB40DBD8DC8}"
EndProject
Project("{8BC9CEB8-8B4A-11D0-8D11-00A0C91BC942}") = "HotaMechanics", "HotaMechanics\HotaMechanics.vcxproj", "{55E8A5EF-0F3F-4359-BE83-249B546346B8}"
EndProject
Project("{8BC9CEB8-8B4A-11D0-8D11-00A0C91BC942}") = "HotaAITest", "HotaAITest\HotaAITest.vcxproj", "{0C246503-234C-4967-9982-24DE8A583C3B}"
EndProject
Project("{8BC9CEB8-8B4A-11D0-8D11-00A0C91BC942}") = "HotaMechanicsTest", "HotaMechanicsTest\HotaMechanicsTest.vcxproj", "{7067318E-123F-438E-A53B-02990C6544B2}"
EndProject
Project("{8BC9CEB8-8B4A-11D0-8D11-00A0C91BC942}") = "HotaSimTest", "HotaSimTest\HotaSimTest.vcxproj", "{08A2A5E2-F46F-4780-B661-E446FC5ECC3A}"
EndProject
Global
	GlobalSection(SolutionConfigurationPlatforms) = preSolution
		Debug|x64 = Debug|x64
		Debug|x86 = Debug|x86
		Release|x64 = Release|x64
		Release|x86 = Release|x86
	EndGlobalSection
	GlobalSection(ProjectConfigurationPlatforms) = postSolution
		{FA1C32D7-2256-409D-A3E5-3FF4BC6EF163}.Debug|x64.ActiveCfg = Debug|x64
		{FA1C32D7-2256-409D-A3E5-3FF4BC6EF163}.Debug|x64.Build.0 = Debug|x64
		{FA1C32D7-2256-409D-A3E5-3FF4BC6EF163}.Debug|x86.ActiveCfg = Debug|Win32
		{FA1C32D7-2256-409D-A3E5-3FF4BC6EF163}.Debug|x86.Build.0 = Debug|Win32
		{FA1C32D7-2256-409D-A3E5-3FF4BC6EF163}.Release|x64.ActiveCfg = Release|x64
		{FA1C32D7-2256-409D-A3E5-3FF4BC6EF163}.Release|x64.Build.0 = Release|x64
		{FA1C32D7-2256-409D-A3E5-3FF4BC6EF163}.Release|x86.ActiveCfg = Release|Win32
		{FA1C32D7-2256-409D-A3E5-3FF4BC6EF163}.Release|x86.Build.0 = Release|Win32
		{76F93DC2-6B28-4D9E-AB00-3BB40DBD8DC8}.Debug|x64.ActiveCfg = Debug|x64
		{76F93DC2-6B28-4D9E-AB00-3BB40DBD8DC8}.Debug|x64.Build.0 = Debug|x64
		{76F93DC2-6B28-4D9E-AB00-3BB40DBD8DC8}.Debug|x86.ActiveCfg = Debug|Win32
		{76F93DC2-6B28-4D9E-AB00-3BB40DBD8DC8}.Debug|x86.Build.0 = Debug|Win32
		{76F93DC2-6B28-4D9E-AB00-3BB40DBD8DC8}.Release|x64.ActiveCfg = Release|x64
		{76F93DC2-6B28-4D9E-AB00-3BB40DBD8DC8}.Release|x64.Build.0 = Release|x64
		{76F93DC2-6B28-4D9E-AB00-3BB40DBD8DC8}.Release|x86.ActiveCfg = Release|Win32
		{76F93DC2-6B28-4D9E-AB00-3BB40DBD8DC8}.Release|x86.Build.0 = Release|Win32
		{55E8A5EF-0F3F-4359-BE83-249B546346B8}.Debug|x64.ActiveCfg = Debug|x64
		{55E8A5EF-0F3F-4359-BE83-249B546346B8}.Debug|x64.Build.0 = Debug|x64
		{55E8A5EF-0F3F-4359-BE83-249B546346B8}.Debug|x86.ActiveCfg = Debug|Win32
		{55E8A5EF-0F3F-4359-BE83-249B546346B8}.Debug|x86.Build.0 = Debug|Win32
		{55E8A5EF-0F3F-4359-BE83-249B546346B8}.Release|x64.ActiveCfg = Release|x64
		{55E8A5EF-0F3F-4359-BE83-249B546346B8}.Release|x64.Build.0 = Release|x64
		{55E8A5EF-0F3F-4359-BE83-249B546346B8}.Release|x86.ActiveCfg = Release|Win32
		{55E8A5EF-0F3F-4359-BE83-249B546346B8}.Release|x86.Build.0 = Release|Win32
		{0C246503-234C-4967-9982-24DE8A583C3B}.Debug|x64.ActiveCfg = Debug|x64
		{0C246503-234C-4967-9982-24DE8A583C3B}.Debug|x64.Build.0 = Debug|x64
		{0C246503-234C-4967-9982-24DE8A583C3B}.Debug|x86.ActiveCfg = Debug|Win32
		{0C246503-234C-4967-9982-24DE8A583C3B}.Debug|x86.Build.0 = Debug|Win32
		{0C246503-234C-4967-9982-24DE8A583C3B}.Release|x64.ActiveCfg = Release|x64
		{0C246503-234C-4967-9982-24DE8A583C3B}.Release|x64.Build.0 = Release|x64
		{0C246503-234C-4967-9982-24DE8A583C3B}.Release|x86.ActiveCfg = Release|Win32
		{0C246503-234C-4967-9982-24DE8A583C3B}.Release|x86.Build.0 = Release|Win32
		{7067318E-123F-438E-A53B-02990C6544B2}.Debug|x64.ActiveCfg = Debug|x64
		{7067318E-123F-438E-A53B-02990C6544B2}.Debug|x64.Build.0 = Debug|x64
		{7067318E-123F-438E-A53B-02990C6544B2}.Debug|x86.ActiveCfg = Debug|Win32
		{7067318E-123F-438E-A53B-02990C6544B2}.Debug|x86.Build.0 = Debug|Win32
		{7067318E-123F-438E-A53B-02990C6544B2}.Release|x64.ActiveCfg = Release|x64
		{7067318E-123F-438E-A53B-02990C6544B2}.Release|x64.Build.0 = Release|x64
		{7067318E-123F-438E-A53B-02990C6544B2}.Release|x86.ActiveCfg = Release|Win32
		{7067318E-123F-438E-A53B-02990C6544B2}.Release|x86.Build.0 = Release|Win32
		{08A2A5E2-F46F-4780-B661-E446FC5ECC3A}.Debug|x64.ActiveCfg = Debug|x64
		{08A2A5E2-F46F-4780-B661-E446FC5ECC3A}.Debug|x64.Build.0 = Debug|x64
		{08A2A5E2-F46F-4780-B661-E446FC5ECC3A}.Debug|x86.ActiveCfg = Debug|Win32
		{08A2A5E2-F46F-4780-B661-E446FC5ECC3A}.Debug|x86.Build.0 = Debug|Win32
		{08A2A5E2-F46F-4780-B661-E446FC5ECC3A}.Release|x64.ActiveCfg = Release|x64
		{08A2A5E2-F46F-4780-B661-E446FC5ECC3A}.Release|x64.Build.0 = Release|x64
		{08A2A5E2-F46F-4780-B661-E446FC5ECC3A}.Release|x86.ActiveCfg = Release|Win32
		{08A2A5E2-F46F-4780-B661-E446FC5ECC3A}.Release|x86.Build.0 = Release|Win32
	EndGlobalSection
	GlobalSection(SolutionProperties) = preSolution
		HideSolutionNode = FALSE
	EndGlobalSection
	GlobalSection(ExtensibilityGlobals) = postSolution
		SolutionGuid = {ED633DCA-D88E-42DF-BDD3-82F6A1AFD17B}
	EndGlobalSection
EndGlobal
